// !$*UTF8*$!
{
	archiveVersion = 1;
	classes = {
	};
	objectVersion = 46;
	objects = {

/* Begin PBXBuildFile section */
		7E2A86A6160791B9002A57CB /* UIKit.framework in Frameworks */ = {isa = PBXBuildFile; fileRef = 7E2A86A5160791B9002A57CB /* UIKit.framework */; };
		7E2A86A8160791B9002A57CB /* Foundation.framework in Frameworks */ = {isa = PBXBuildFile; fileRef = 7E2A86A7160791B9002A57CB /* Foundation.framework */; };
		7E2A86AA160791B9002A57CB /* CoreGraphics.framework in Frameworks */ = {isa = PBXBuildFile; fileRef = 7E2A86A9160791B9002A57CB /* CoreGraphics.framework */; };
		7E2A86B0160791BA002A57CB /* InfoPlist.strings in Resources */ = {isa = PBXBuildFile; fileRef = 7E2A86AE160791BA002A57CB /* InfoPlist.strings */; };
		7E2A86B2160791BA002A57CB /* main.m in Sources */ = {isa = PBXBuildFile; fileRef = 7E2A86B1160791BA002A57CB /* main.m */; };
		7E2A86B6160791BA002A57CB /* AppDelegate.m in Sources */ = {isa = PBXBuildFile; fileRef = 7E2A86B5160791BA002A57CB /* AppDelegate.m */; };
/* End PBXBuildFile section */

/* Begin PBXFileReference section */
		7E2A86A1160791B9002A57CB /* JTMapFeedsWaall.app */ = {isa = PBXFileReference; explicitFileType = wrapper.application; includeInIndex = 0; path = JTMapFeedsWaall.app; sourceTree = BUILT_PRODUCTS_DIR; };
		7E2A86A5160791B9002A57CB /* UIKit.framework */ = {isa = PBXFileReference; lastKnownFileType = wrapper.framework; name = UIKit.framework; path = System/Library/Frameworks/UIKit.framework; sourceTree = SDKROOT; };
		7E2A86A7160791B9002A57CB /* Foundation.framework */ = {isa = PBXFileReference; lastKnownFileType = wrapper.framework; name = Foundation.framework; path = System/Library/Frameworks/Foundation.framework; sourceTree = SDKROOT; };
		7E2A86A9160791B9002A57CB /* CoreGraphics.framework */ = {isa = PBXFileReference; lastKnownFileType = wrapper.framework; name = CoreGraphics.framework; path = System/Library/Frameworks/CoreGraphics.framework; sourceTree = SDKROOT; };
		7E2A86AD160791BA002A57CB /* JTMapFeedsWaall-Info.plist */ = {isa = PBXFileReference; path = "JTMapFeedsWaall-Info.plist"; sourceTree = "<group>"; };
		7E2A86AF160791BA002A57CB /* en */ = {isa = PBXFileReference; lastKnownFileType = text.plist.strings; name = en; path = en.lproj/InfoPlist.strings; sourceTree = "<group>"; };
		7E2A86B1160791BA002A57CB /* main.m */ = {isa = PBXFileReference; lastKnownFileType = sourcecode.c.objc; path = main.m; sourceTree = "<group>"; };
		7E2A86B3160791BA002A57CB /* JTMapFeedsWaall-Prefix.pch */ = {isa = PBXFileReference; path = "JTMapFeedsWaall-Prefix.pch"; sourceTree = "<group>"; };
		7E2A86B4160791BA002A57CB /* AppDelegate.h */ = {isa = PBXFileReference; path = AppDelegate.h; sourceTree = "<group>"; };
		7E2A86B5160791BA002A57CB /* AppDelegate.m */ = {isa = PBXFileReference; lastKnownFileType = sourcecode.c.objc; path = AppDelegate.m; sourceTree = "<group>"; };
/* End PBXFileReference section */

/* Begin PBXFrameworksBuildPhase section */
		7E2A869E160791B9002A57CB /* Frameworks */ = {
			isa = PBXFrameworksBuildPhase;
			buildActionMask = 2147483647;
			files = (
				7E2A86A6160791B9002A57CB /* UIKit.framework in Frameworks */,
				7E2A86A8160791B9002A57CB /* Foundation.framework in Frameworks */,
				7E2A86AA160791B9002A57CB /* CoreGraphics.framework in Frameworks */,
			);
			runOnlyForDeploymentPostprocessing = 0;
		};
/* End PBXFrameworksBuildPhase section */

/* Begin PBXGroup section */
		7E2A8696160791B8002A57CB = {
			isa = PBXGroup;
			children = (
				7E2A86AB160791BA002A57CB /* JTMapFeedsWaall */,
				7E2A86A4160791B9002A57CB /* Frameworks */,
				7E2A86A2160791B9002A57CB /* Products */,
			);
			sourceTree = "<group>";
		};
		7E2A86A2160791B9002A57CB /* Products */ = {
			isa = PBXGroup;
			children = (
				7E2A86A1160791B9002A57CB /* JTMapFeedsWaall.app */,
			);
			name = Products;
			sourceTree = "<group>";
		};
		7E2A86A4160791B9002A57CB /* Frameworks */ = {
			isa = PBXGroup;
			children = (
				7E2A86A5160791B9002A57CB /* UIKit.framework */,
				7E2A86A7160791B9002A57CB /* Foundation.framework */,
				7E2A86A9160791B9002A57CB /* CoreGraphics.framework */,
			);
			name = Frameworks;
			sourceTree = "<group>";
		};
		7E2A86AB160791BA002A57CB /* JTMapFeedsWaall */ = {
			isa = PBXGroup;
			children = (
				7E2A86B4160791BA002A57CB /* AppDelegate.h */,
				7E2A86B5160791BA002A57CB /* AppDelegate.m */,
				7E2A86AC160791BA002A57CB /* Supporting Files */,
			);
			path = JTMapFeedsWaall;
			sourceTree = "<group>";
		};
		7E2A86AC160791BA002A57CB /* Supporting Files */ = {
			isa = PBXGroup;
			children = (
				7E2A86AD160791BA002A57CB /* JTMapFeedsWaall-Info.plist */,
				7E2A86AE160791BA002A57CB /* InfoPlist.strings */,
				7E2A86B1160791BA002A57CB /* main.m */,
				7E2A86B3160791BA002A57CB /* JTMapFeedsWaall-Prefix.pch */,
			);
			name = "Supporting Files";
			sourceTree = "<group>";
		};
/* End PBXGroup section */

/* Begin PBXNativeTarget section */
		7E2A86A0160791B9002A57CB /* JTMapFeedsWaall */ = {
			isa = PBXNativeTarget;
			buildConfigurationList = 7E2A86B9160791BA002A57CB /* Build configuration list for PBXNativeTarget "JTMapFeedsWaall" */;
			buildPhases = (
				7E2A869D160791B9002A57CB /* Sources */,
				7E2A869E160791B9002A57CB /* Frameworks */,
				7E2A869F160791B9002A57CB /* Resources */,
			);
			buildRules = (
			);
			dependencies = (
			);
			name = JTMapFeedsWaall;
			productName = JTMapFeedsWaall;
			productReference = 7E2A86A1160791B9002A57CB /* JTMapFeedsWaall.app */;
			productType = "com.apple.product-type.application";
		};
/* End PBXNativeTarget section */

/* Begin PBXProject section */
		7E2A8698160791B8002A57CB /* Project object */ = {
			isa = PBXProject;
			attributes = {
				LastUpgradeCheck = 0430;
			};
			buildConfigurationList = 7E2A869B160791B8002A57CB /* Build configuration list for PBXProject "JTMapFeedsWaall" */;
			compatibilityVersion = "Xcode 3.2";
			developmentRegion = English;
			hasScannedForEncodings = 0;
			knownRegions = (
				en,
			);
			mainGroup = 7E2A8696160791B8002A57CB;
			productRefGroup = 7E2A86A2160791B9002A57CB /* Products */;
			projectDirPath = "";
			projectRoot = "";
			targets = (
				7E2A86A0160791B9002A57CB /* JTMapFeedsWaall */,
			);
		};
/* End PBXProject section */

/* Begin PBXResourcesBuildPhase section */
		7E2A869F160791B9002A57CB /* Resources */ = {
			isa = PBXResourcesBuildPhase;
			buildActionMask = 2147483647;
			files = (
				7E2A86B0160791BA002A57CB /* InfoPlist.strings in Resources */,
			);
			runOnlyForDeploymentPostprocessing = 0;
		};
/* End PBXResourcesBuildPhase section */

/* Begin PBXSourcesBuildPhase section */
		7E2A869D160791B9002A57CB /* Sources */ = {
			isa = PBXSourcesBuildPhase;
			buildActionMask = 2147483647;
			files = (
				7E2A86B2160791BA002A57CB /* main.m in Sources */,
				7E2A86B6160791BA002A57CB /* AppDelegate.m in Sources */,
			);
			runOnlyForDeploymentPostprocessing = 0;
		};
/* End PBXSourcesBuildPhase section */

/* Begin PBXVariantGroup section */
		7E2A86AE160791BA002A57CB /* InfoPlist.strings */ = {
			isa = PBXVariantGroup;
			children = (
				7E2A86AF160791BA002A57CB /* en */,
			);
			name = InfoPlist.strings;
			sourceTree = "<group>";
		};
/* End PBXVariantGroup section */

/* Begin XCBuildConfiguration section */
		7E2A86B7160791BA002A57CB /* Debug */ = {
			isa = XCBuildConfiguration;
			buildSettings = {
				ALWAYS_SEARCH_USER_PATHS = NO;
				ARCHS = "$(ARCHS_STANDARD_32_BIT)";
				CLANG_ENABLE_OBJC_ARC = YES;
				"CODE_SIGN_IDENTITY[sdk=iphoneos*]" = "iPhone Developer";
				COPY_PHASE_STRIP = NO;
				GCC_C_LANGUAGE_STANDARD = gnu99;
				GCC_DYNAMIC_NO_PIC = NO;
				GCC_OPTIMIZATION_LEVEL = 0;
				GCC_PREPROCESSOR_DEFINITIONS = (
					"DEBUG=1",
					"$(inherited)",
				);
				GCC_SYMBOLS_PRIVATE_EXTERN = NO;
				GCC_VERSION = com.apple.compilers.llvm.clang.1_0;
				GCC_WARN_ABOUT_RETURN_TYPE = YES;
				GCC_WARN_UNINITIALIZED_AUTOS = YES;
				GCC_WARN_UNUSED_VARIABLE = YES;
				IPHONEOS_DEPLOYMENT_TARGET = 5.1;
				SDKROOT = iphoneos;
			};
			name = Debug;
		};
		7E2A86B8160791BA002A57CB /* Release */ = {
			isa = XCBuildConfiguration;
			buildSettings = {
				ALWAYS_SEARCH_USER_PATHS = NO;
				ARCHS = "$(ARCHS_STANDARD_32_BIT)";
				CLANG_ENABLE_OBJC_ARC = YES;
				"CODE_SIGN_IDENTITY[sdk=iphoneos*]" = "iPhone Developer";
				COPY_PHASE_STRIP = YES;
				GCC_C_LANGUAGE_STANDARD = gnu99;
				GCC_VERSION = com.apple.compilers.llvm.clang.1_0;
				GCC_WARN_ABOUT_RETURN_TYPE = YES;
				GCC_WARN_UNINITIALIZED_AUTOS = YES;
				GCC_WARN_UNUSED_VARIABLE = YES;
				IPHONEOS_DEPLOYMENT_TARGET = 5.1;
				OTHER_CFLAGS = "-DNS_BLOCK_ASSERTIONS=1";
				SDKROOT = iphoneos;
				VALIDATE_PRODUCT = YES;
			};
			name = Release;
		};
		7E2A86BA160791BA002A57CB /* Debug */ = {
			isa = XCBuildConfiguration;
			buildSettings = {
				GCC_PRECOMPILE_PREFIX_HEADER = YES;
				GCC_PREFIX_HEADER = "JTMapFeedsWaall/JTMapFeedsWaall-Prefix.pch";
				INFOPLIST_FILE = "JTMapFeedsWaall/JTMapFeedsWaall-Info.plist";
				PRODUCT_NAME = "$(TARGET_NAME)";
				WRAPPER_EXTENSION = app;
			};
			name = Debug;
		};
		7E2A86BB160791BA002A57CB /* Release */ = {
			isa = XCBuildConfiguration;
			buildSettings = {
				GCC_PRECOMPILE_PREFIX_HEADER = YES;
				GCC_PREFIX_HEADER = "JTMapFeedsWaall/JTMapFeedsWaall-Prefix.pch";
				INFOPLIST_FILE = "JTMapFeedsWaall/JTMapFeedsWaall-Info.plist";
				PRODUCT_NAME = "$(TARGET_NAME)";
				WRAPPER_EXTENSION = app;
			};
			name = Release;
		};
/* End XCBuildConfiguration section */

/* Begin XCConfigurationList section */
		7E2A869B160791B8002A57CB /* Build configuration list for PBXProject "JTMapFeedsWaall" */ = {
			isa = XCConfigurationList;
			buildConfigurations = (
				7E2A86B7160791BA002A57CB /* Debug */,
				7E2A86B8160791BA002A57CB /* Release */,
			);
			defaultConfigurationIsVisible = 0;
			defaultConfigurationName = Release;
		};
		7E2A86B9160791BA002A57CB /* Build configuration list for PBXNativeTarget "JTMapFeedsWaall" */ = {
			isa = XCConfigurationList;
			buildConfigurations = (
				7E2A86BA160791BA002A57CB /* Debug */,
				7E2A86BB160791BA002A57CB /* Release */,
			);
			defaultConfigurationIsVisible = 0;
		};
/* End XCConfigurationList section */
	};
	rootObject = 7E2A8698160791B8002A57CB /* Project object */;
}
